// !$*UTF8*$!
{
	archiveVersion = 1;
	classes = {
	};
	objectVersion = 46;
	objects = {

/* Begin PBXBuildFile section */
		FE2E43321A3DB2CF0081CA4D /* key.swift in Sources */ = {isa = PBXBuildFile; fileRef = FE2E43311A3DB2CF0081CA4D /* key.swift */; };
		FE2E43331A3DB2CF0081CA4D /* key.swift in Sources */ = {isa = PBXBuildFile; fileRef = FE2E43311A3DB2CF0081CA4D /* key.swift */; };
		FE5BE6C61A3A2A3E0081C767 /* request.swift in Sources */ = {isa = PBXBuildFile; fileRef = FE5BE6C51A3A2A3E0081C767 /* request.swift */; };
		FE5BE6C71A3A2A420081C767 /* request.swift in Sources */ = {isa = PBXBuildFile; fileRef = FE5BE6C51A3A2A3E0081C767 /* request.swift */; };
		FE7194491A38C0E900BDF4E8 /* AppDelegate.swift in Sources */ = {isa = PBXBuildFile; fileRef = FE7194481A38C0E900BDF4E8 /* AppDelegate.swift */; };
		FE71944B1A38C0E900BDF4E8 /* ViewController.swift in Sources */ = {isa = PBXBuildFile; fileRef = FE71944A1A38C0E900BDF4E8 /* ViewController.swift */; };
		FE71944E1A38C0E900BDF4E8 /* Main.storyboard in Resources */ = {isa = PBXBuildFile; fileRef = FE71944C1A38C0E900BDF4E8 /* Main.storyboard */; };
		FE7194501A38C0E900BDF4E8 /* Images.xcassets in Resources */ = {isa = PBXBuildFile; fileRef = FE71944F1A38C0E900BDF4E8 /* Images.xcassets */; };
		FE7194531A38C0E900BDF4E8 /* LaunchScreen.xib in Resources */ = {isa = PBXBuildFile; fileRef = FE7194511A38C0E900BDF4E8 /* LaunchScreen.xib */; };
		FE71945F1A38C0E900BDF4E8 /* Windsor_TrainsTests.swift in Sources */ = {isa = PBXBuildFile; fileRef = FE71945E1A38C0E900BDF4E8 /* Windsor_TrainsTests.swift */; };
		FE71946F1A38C10100BDF4E8 /* WatchKit.framework in Frameworks */ = {isa = PBXBuildFile; fileRef = FE71946E1A38C10100BDF4E8 /* WatchKit.framework */; };
		FE7194751A38C10100BDF4E8 /* InterfaceController.swift in Sources */ = {isa = PBXBuildFile; fileRef = FE7194741A38C10100BDF4E8 /* InterfaceController.swift */; };
		FE7194771A38C10100BDF4E8 /* NotificationController.swift in Sources */ = {isa = PBXBuildFile; fileRef = FE7194761A38C10100BDF4E8 /* NotificationController.swift */; };
		FE7194791A38C10100BDF4E8 /* Images.xcassets in Resources */ = {isa = PBXBuildFile; fileRef = FE7194781A38C10100BDF4E8 /* Images.xcassets */; };
		FE7194841A38C10100BDF4E8 /* Interface.storyboard in Resources */ = {isa = PBXBuildFile; fileRef = FE7194831A38C10100BDF4E8 /* Interface.storyboard */; };
		FE7194861A38C10100BDF4E8 /* Images.xcassets in Resources */ = {isa = PBXBuildFile; fileRef = FE7194851A38C10100BDF4E8 /* Images.xcassets */; };
		FEA75CB21A45BCC200A20EA6 /* Images.xcassets in Resources */ = {isa = PBXBuildFile; fileRef = FEA75CB11A45BCC200A20EA6 /* Images.xcassets */; };
		FEA75CB51A45BCC200A20EA6 /* LaunchScreen.xib in Resources */ = {isa = PBXBuildFile; fileRef = FEA75CB31A45BCC200A20EA6 /* LaunchScreen.xib */; };
		FEA75CC11A45BCC200A20EA6 /* Windsor_Trains_iOSTests.swift in Sources */ = {isa = PBXBuildFile; fileRef = FEA75CC01A45BCC200A20EA6 /* Windsor_Trains_iOSTests.swift */; };
		FEA75CC81A45BCE100A20EA6 /* request.xml in Resources */ = {isa = PBXBuildFile; fileRef = FED1F1241A38FD0900FD3E0C /* request.xml */; };
		FEA75CC91A45BCE400A20EA6 /* key.swift in Sources */ = {isa = PBXBuildFile; fileRef = FE2E43311A3DB2CF0081CA4D /* key.swift */; };
		FEA75CCA1A45BCEA00A20EA6 /* request.swift in Sources */ = {isa = PBXBuildFile; fileRef = FE5BE6C51A3A2A3E0081C767 /* request.swift */; };
		FEA75CCB1A45BCEE00A20EA6 /* AppDelegate.swift in Sources */ = {isa = PBXBuildFile; fileRef = FE7194481A38C0E900BDF4E8 /* AppDelegate.swift */; };
		FEA75CCC1A45BCF000A20EA6 /* ViewController.swift in Sources */ = {isa = PBXBuildFile; fileRef = FE71944A1A38C0E900BDF4E8 /* ViewController.swift */; };
		FEA75CCD1A45BCFF00A20EA6 /* Main.storyboard in Resources */ = {isa = PBXBuildFile; fileRef = FE71944C1A38C0E900BDF4E8 /* Main.storyboard */; };
		FED1F1251A38FD0900FD3E0C /* request.xml in Resources */ = {isa = PBXBuildFile; fileRef = FED1F1241A38FD0900FD3E0C /* request.xml */; };
		FED1F1261A38FD0900FD3E0C /* request.xml in Resources */ = {isa = PBXBuildFile; fileRef = FED1F1241A38FD0900FD3E0C /* request.xml */; };
		FED1F1271A38FD0900FD3E0C /* request.xml in Resources */ = {isa = PBXBuildFile; fileRef = FED1F1241A38FD0900FD3E0C /* request.xml */; };
		FEE524141BC139EC00F7CBEC /* Windsor Trains WatchKit Extension.appex in Embed App Extensions */ = {isa = PBXBuildFile; fileRef = FE71946C1A38C10100BDF4E8 /* Windsor Trains WatchKit Extension.appex */; settings = {ATTRIBUTES = (RemoveHeadersOnCopy, ); }; };
		FEE524171BC139EC00F7CBEC /* Windsor Trains Watch App.app in Embed Watch Content */ = {isa = PBXBuildFile; fileRef = FE71947C1A38C10100BDF4E8 /* Windsor Trains Watch App.app */; };
/* End PBXBuildFile section */

/* Begin PBXContainerItemProxy section */
		FE7194591A38C0E900BDF4E8 /* PBXContainerItemProxy */ = {
			isa = PBXContainerItemProxy;
			containerPortal = FE71943B1A38C0E900BDF4E8 /* Project object */;
			proxyType = 1;
			remoteGlobalIDString = FE7194421A38C0E900BDF4E8;
			remoteInfo = "Windsor Trains";
		};
		FEA75CBB1A45BCC200A20EA6 /* PBXContainerItemProxy */ = {
			isa = PBXContainerItemProxy;
			containerPortal = FE71943B1A38C0E900BDF4E8 /* Project object */;
			proxyType = 1;
			remoteGlobalIDString = FEA75CA51A45BCC200A20EA6;
			remoteInfo = "Windsor Trains iOS";
		};
		FEE524121BC139EC00F7CBEC /* PBXContainerItemProxy */ = {
			isa = PBXContainerItemProxy;
			containerPortal = FE71943B1A38C0E900BDF4E8 /* Project object */;
			proxyType = 1;
			remoteGlobalIDString = FE71946B1A38C10100BDF4E8;
			remoteInfo = "Windsor Trains WatchKit Extension";
		};
		FEE524151BC139EC00F7CBEC /* PBXContainerItemProxy */ = {
			isa = PBXContainerItemProxy;
			containerPortal = FE71943B1A38C0E900BDF4E8 /* Project object */;
			proxyType = 1;
			remoteGlobalIDString = FE71947B1A38C10100BDF4E8;
			remoteInfo = "Windsor Trains Watch App";
		};
/* End PBXContainerItemProxy section */

/* Begin PBXCopyFilesBuildPhase section */
		FEE524181BC139ED00F7CBEC /* Embed App Extensions */ = {
			isa = PBXCopyFilesBuildPhase;
			buildActionMask = 2147483647;
			dstPath = "";
			dstSubfolderSpec = 13;
			files = (
				FEE524141BC139EC00F7CBEC /* Windsor Trains WatchKit Extension.appex in Embed App Extensions */,
			);
			name = "Embed App Extensions";
			runOnlyForDeploymentPostprocessing = 0;
		};
		FEE524191BC139ED00F7CBEC /* Embed Watch Content */ = {
			isa = PBXCopyFilesBuildPhase;
			buildActionMask = 2147483647;
			dstPath = "$(CONTENTS_FOLDER_PATH)/Watch";
			dstSubfolderSpec = 16;
			files = (
				FEE524171BC139EC00F7CBEC /* Windsor Trains Watch App.app in Embed Watch Content */,
			);
			name = "Embed Watch Content";
			runOnlyForDeploymentPostprocessing = 0;
		};
/* End PBXCopyFilesBuildPhase section */

/* Begin PBXFileReference section */
		FE27A8AF1AFE954D00A5DCFC /* Windsor Trains WatchKit Extension.entitlements */ = {isa = PBXFileReference; lastKnownFileType = text.xml; path = "Windsor Trains WatchKit Extension.entitlements"; sourceTree = "<group>"; };
		FE27A8B01AFE989500A5DCFC /* Windsor Trains.entitlements */ = {isa = PBXFileReference; lastKnownFileType = text.xml; path = "Windsor Trains.entitlements"; sourceTree = "<group>"; };
		FE2E43311A3DB2CF0081CA4D /* key.swift */ = {isa = PBXFileReference; fileEncoding = 4; lastKnownFileType = sourcecode.swift; path = key.swift; sourceTree = "<group>"; };
		FE5BE6C51A3A2A3E0081C767 /* request.swift */ = {isa = PBXFileReference; fileEncoding = 4; lastKnownFileType = sourcecode.swift; path = request.swift; sourceTree = "<group>"; };
		FE7194431A38C0E900BDF4E8 /* Windsor Trains.app */ = {isa = PBXFileReference; explicitFileType = wrapper.application; includeInIndex = 0; path = "Windsor Trains.app"; sourceTree = BUILT_PRODUCTS_DIR; };
		FE7194471A38C0E900BDF4E8 /* Info.plist */ = {isa = PBXFileReference; lastKnownFileType = text.plist.xml; path = Info.plist; sourceTree = "<group>"; };
		FE7194481A38C0E900BDF4E8 /* AppDelegate.swift */ = {isa = PBXFileReference; lastKnownFileType = sourcecode.swift; path = AppDelegate.swift; sourceTree = "<group>"; };
		FE71944A1A38C0E900BDF4E8 /* ViewController.swift */ = {isa = PBXFileReference; lastKnownFileType = sourcecode.swift; path = ViewController.swift; sourceTree = "<group>"; };
		FE71944D1A38C0E900BDF4E8 /* Base */ = {isa = PBXFileReference; lastKnownFileType = file.storyboard; name = Base; path = Base.lproj/Main.storyboard; sourceTree = "<group>"; };
		FE71944F1A38C0E900BDF4E8 /* Images.xcassets */ = {isa = PBXFileReference; lastKnownFileType = folder.assetcatalog; path = Images.xcassets; sourceTree = "<group>"; };
		FE7194521A38C0E900BDF4E8 /* Base */ = {isa = PBXFileReference; lastKnownFileType = file.xib; name = Base; path = Base.lproj/LaunchScreen.xib; sourceTree = "<group>"; };
		FE7194581A38C0E900BDF4E8 /* Windsor TrainsTests.xctest */ = {isa = PBXFileReference; explicitFileType = wrapper.cfbundle; includeInIndex = 0; path = "Windsor TrainsTests.xctest"; sourceTree = BUILT_PRODUCTS_DIR; };
		FE71945D1A38C0E900BDF4E8 /* Info.plist */ = {isa = PBXFileReference; lastKnownFileType = text.plist.xml; path = Info.plist; sourceTree = "<group>"; };
		FE71945E1A38C0E900BDF4E8 /* Windsor_TrainsTests.swift */ = {isa = PBXFileReference; lastKnownFileType = sourcecode.swift; path = Windsor_TrainsTests.swift; sourceTree = "<group>"; };
		FE71946C1A38C10100BDF4E8 /* Windsor Trains WatchKit Extension.appex */ = {isa = PBXFileReference; explicitFileType = "wrapper.app-extension"; includeInIndex = 0; path = "Windsor Trains WatchKit Extension.appex"; sourceTree = BUILT_PRODUCTS_DIR; };
		FE71946E1A38C10100BDF4E8 /* WatchKit.framework */ = {isa = PBXFileReference; lastKnownFileType = wrapper.framework; name = WatchKit.framework; path = System/Library/Frameworks/WatchKit.framework; sourceTree = SDKROOT; };
		FE7194721A38C10100BDF4E8 /* Info.plist */ = {isa = PBXFileReference; lastKnownFileType = text.plist.xml; path = Info.plist; sourceTree = "<group>"; };
		FE7194731A38C10100BDF4E8 /* PushNotificationPayload.json */ = {isa = PBXFileReference; lastKnownFileType = text.json; path = PushNotificationPayload.json; sourceTree = "<group>"; };
		FE7194741A38C10100BDF4E8 /* InterfaceController.swift */ = {isa = PBXFileReference; lastKnownFileType = sourcecode.swift; path = InterfaceController.swift; sourceTree = "<group>"; };
		FE7194761A38C10100BDF4E8 /* NotificationController.swift */ = {isa = PBXFileReference; lastKnownFileType = sourcecode.swift; path = NotificationController.swift; sourceTree = "<group>"; };
		FE7194781A38C10100BDF4E8 /* Images.xcassets */ = {isa = PBXFileReference; lastKnownFileType = folder.assetcatalog; path = Images.xcassets; sourceTree = "<group>"; };
		FE71947C1A38C10100BDF4E8 /* Windsor Trains Watch App.app */ = {isa = PBXFileReference; explicitFileType = wrapper.application; includeInIndex = 0; path = "Windsor Trains Watch App.app"; sourceTree = BUILT_PRODUCTS_DIR; };
		FE7194821A38C10100BDF4E8 /* Info.plist */ = {isa = PBXFileReference; lastKnownFileType = text.plist.xml; path = Info.plist; sourceTree = "<group>"; };
		FE7194831A38C10100BDF4E8 /* Interface.storyboard */ = {isa = PBXFileReference; lastKnownFileType = file.storyboard; path = Interface.storyboard; sourceTree = "<group>"; };
		FE7194851A38C10100BDF4E8 /* Images.xcassets */ = {isa = PBXFileReference; lastKnownFileType = folder.assetcatalog; path = Images.xcassets; sourceTree = "<group>"; };
		FE7194911A38C34D00BDF4E8 /* xml.playground */ = {isa = PBXFileReference; lastKnownFileType = file.playground; name = xml.playground; path = "Windsor Trains/xml.playground"; sourceTree = SOURCE_ROOT; };
		FEA75CA61A45BCC200A20EA6 /* Windsor Trains iOS.app */ = {isa = PBXFileReference; explicitFileType = wrapper.application; includeInIndex = 0; path = "Windsor Trains iOS.app"; sourceTree = BUILT_PRODUCTS_DIR; };
		FEA75CA91A45BCC200A20EA6 /* Info.plist */ = {isa = PBXFileReference; lastKnownFileType = text.plist.xml; path = Info.plist; sourceTree = "<group>"; };
		FEA75CB11A45BCC200A20EA6 /* Images.xcassets */ = {isa = PBXFileReference; lastKnownFileType = folder.assetcatalog; path = Images.xcassets; sourceTree = "<group>"; };
		FEA75CB41A45BCC200A20EA6 /* Base */ = {isa = PBXFileReference; lastKnownFileType = file.xib; name = Base; path = Base.lproj/LaunchScreen.xib; sourceTree = "<group>"; };
		FEA75CBA1A45BCC200A20EA6 /* Windsor Trains iOSTests.xctest */ = {isa = PBXFileReference; explicitFileType = wrapper.cfbundle; includeInIndex = 0; path = "Windsor Trains iOSTests.xctest"; sourceTree = BUILT_PRODUCTS_DIR; };
		FEA75CBF1A45BCC200A20EA6 /* Info.plist */ = {isa = PBXFileReference; lastKnownFileType = text.plist.xml; path = Info.plist; sourceTree = "<group>"; };
		FEA75CC01A45BCC200A20EA6 /* Windsor_Trains_iOSTests.swift */ = {isa = PBXFileReference; lastKnownFileType = sourcecode.swift; path = Windsor_Trains_iOSTests.swift; sourceTree = "<group>"; };
		FED1F1241A38FD0900FD3E0C /* request.xml */ = {isa = PBXFileReference; fileEncoding = 4; lastKnownFileType = text.xml; lineEnding = 0; path = request.xml; sourceTree = "<group>"; };
/* End PBXFileReference section */

/* Begin PBXFrameworksBuildPhase section */
		FE7194401A38C0E900BDF4E8 /* Frameworks */ = {
			isa = PBXFrameworksBuildPhase;
			buildActionMask = 2147483647;
			files = (
			);
			runOnlyForDeploymentPostprocessing = 0;
		};
		FE7194551A38C0E900BDF4E8 /* Frameworks */ = {
			isa = PBXFrameworksBuildPhase;
			buildActionMask = 2147483647;
			files = (
			);
			runOnlyForDeploymentPostprocessing = 0;
		};
		FE7194691A38C10100BDF4E8 /* Frameworks */ = {
			isa = PBXFrameworksBuildPhase;
			buildActionMask = 2147483647;
			files = (
				FE71946F1A38C10100BDF4E8 /* WatchKit.framework in Frameworks */,
			);
			runOnlyForDeploymentPostprocessing = 0;
		};
		FEA75CA31A45BCC200A20EA6 /* Frameworks */ = {
			isa = PBXFrameworksBuildPhase;
			buildActionMask = 2147483647;
			files = (
			);
			runOnlyForDeploymentPostprocessing = 0;
		};
		FEA75CB71A45BCC200A20EA6 /* Frameworks */ = {
			isa = PBXFrameworksBuildPhase;
			buildActionMask = 2147483647;
			files = (
			);
			runOnlyForDeploymentPostprocessing = 0;
		};
/* End PBXFrameworksBuildPhase section */

/* Begin PBXGroup section */
		FE71943A1A38C0E900BDF4E8 = {
			isa = PBXGroup;
			children = (
				FE7194451A38C0E900BDF4E8 /* Windsor Trains */,
				FE71945B1A38C0E900BDF4E8 /* Windsor TrainsTests */,
				FE7194701A38C10100BDF4E8 /* Windsor Trains WatchKit Extension */,
				FE7194801A38C10100BDF4E8 /* Windsor Trains Watch App */,
				FEA75CA71A45BCC200A20EA6 /* Windsor Trains iOS */,
				FEA75CBD1A45BCC200A20EA6 /* Windsor Trains iOSTests */,
				FE71946D1A38C10100BDF4E8 /* Frameworks */,
				FE7194441A38C0E900BDF4E8 /* Products */,
			);
			sourceTree = "<group>";
		};
		FE7194441A38C0E900BDF4E8 /* Products */ = {
			isa = PBXGroup;
			children = (
				FE7194431A38C0E900BDF4E8 /* Windsor Trains.app */,
				FE7194581A38C0E900BDF4E8 /* Windsor TrainsTests.xctest */,
				FE71946C1A38C10100BDF4E8 /* Windsor Trains WatchKit Extension.appex */,
				FE71947C1A38C10100BDF4E8 /* Windsor Trains Watch App.app */,
				FEA75CA61A45BCC200A20EA6 /* Windsor Trains iOS.app */,
				FEA75CBA1A45BCC200A20EA6 /* Windsor Trains iOSTests.xctest */,
			);
			name = Products;
			sourceTree = "<group>";
		};
		FE7194451A38C0E900BDF4E8 /* Windsor Trains */ = {
			isa = PBXGroup;
			children = (
				FE27A8B01AFE989500A5DCFC /* Windsor Trains.entitlements */,
				FE7194481A38C0E900BDF4E8 /* AppDelegate.swift */,
				FE71944A1A38C0E900BDF4E8 /* ViewController.swift */,
				FE5BE6C51A3A2A3E0081C767 /* request.swift */,
				FE71944C1A38C0E900BDF4E8 /* Main.storyboard */,
				FE71944F1A38C0E900BDF4E8 /* Images.xcassets */,
				FE7194511A38C0E900BDF4E8 /* LaunchScreen.xib */,
				FE7194911A38C34D00BDF4E8 /* xml.playground */,
				FE7194461A38C0E900BDF4E8 /* Supporting Files */,
			);
			path = "Windsor Trains";
			sourceTree = "<group>";
		};
		FE7194461A38C0E900BDF4E8 /* Supporting Files */ = {
			isa = PBXGroup;
			children = (
				FED1F1241A38FD0900FD3E0C /* request.xml */,
				FE2E43311A3DB2CF0081CA4D /* key.swift */,
				FE7194471A38C0E900BDF4E8 /* Info.plist */,
			);
			name = "Supporting Files";
			sourceTree = "<group>";
		};
		FE71945B1A38C0E900BDF4E8 /* Windsor TrainsTests */ = {
			isa = PBXGroup;
			children = (
				FE71945E1A38C0E900BDF4E8 /* Windsor_TrainsTests.swift */,
				FE71945C1A38C0E900BDF4E8 /* Supporting Files */,
			);
			path = "Windsor TrainsTests";
			sourceTree = "<group>";
		};
		FE71945C1A38C0E900BDF4E8 /* Supporting Files */ = {
			isa = PBXGroup;
			children = (
				FE71945D1A38C0E900BDF4E8 /* Info.plist */,
			);
			name = "Supporting Files";
			sourceTree = "<group>";
		};
		FE71946D1A38C10100BDF4E8 /* Frameworks */ = {
			isa = PBXGroup;
			children = (
				FE71946E1A38C10100BDF4E8 /* WatchKit.framework */,
			);
			name = Frameworks;
			sourceTree = "<group>";
		};
		FE7194701A38C10100BDF4E8 /* Windsor Trains WatchKit Extension */ = {
			isa = PBXGroup;
			children = (
				FE27A8AF1AFE954D00A5DCFC /* Windsor Trains WatchKit Extension.entitlements */,
				FE7194741A38C10100BDF4E8 /* InterfaceController.swift */,
				FE7194761A38C10100BDF4E8 /* NotificationController.swift */,
				FE7194781A38C10100BDF4E8 /* Images.xcassets */,
				FE7194711A38C10100BDF4E8 /* Supporting Files */,
			);
			path = "Windsor Trains WatchKit Extension";
			sourceTree = "<group>";
		};
		FE7194711A38C10100BDF4E8 /* Supporting Files */ = {
			isa = PBXGroup;
			children = (
				FE7194721A38C10100BDF4E8 /* Info.plist */,
				FE7194731A38C10100BDF4E8 /* PushNotificationPayload.json */,
			);
			name = "Supporting Files";
			sourceTree = "<group>";
		};
		FE7194801A38C10100BDF4E8 /* Windsor Trains Watch App */ = {
			isa = PBXGroup;
			children = (
				FE7194831A38C10100BDF4E8 /* Interface.storyboard */,
				FE7194851A38C10100BDF4E8 /* Images.xcassets */,
				FE7194811A38C10100BDF4E8 /* Supporting Files */,
			);
			path = "Windsor Trains Watch App";
			sourceTree = "<group>";
		};
		FE7194811A38C10100BDF4E8 /* Supporting Files */ = {
			isa = PBXGroup;
			children = (
				FE7194821A38C10100BDF4E8 /* Info.plist */,
			);
			name = "Supporting Files";
			sourceTree = "<group>";
		};
		FEA75CA71A45BCC200A20EA6 /* Windsor Trains iOS */ = {
			isa = PBXGroup;
			children = (
				FEA75CB11A45BCC200A20EA6 /* Images.xcassets */,
				FEA75CB31A45BCC200A20EA6 /* LaunchScreen.xib */,
				FEA75CA81A45BCC200A20EA6 /* Supporting Files */,
			);
			path = "Windsor Trains iOS";
			sourceTree = "<group>";
		};
		FEA75CA81A45BCC200A20EA6 /* Supporting Files */ = {
			isa = PBXGroup;
			children = (
				FEA75CA91A45BCC200A20EA6 /* Info.plist */,
			);
			name = "Supporting Files";
			sourceTree = "<group>";
		};
		FEA75CBD1A45BCC200A20EA6 /* Windsor Trains iOSTests */ = {
			isa = PBXGroup;
			children = (
				FEA75CC01A45BCC200A20EA6 /* Windsor_Trains_iOSTests.swift */,
				FEA75CBE1A45BCC200A20EA6 /* Supporting Files */,
			);
			path = "Windsor Trains iOSTests";
			sourceTree = "<group>";
		};
		FEA75CBE1A45BCC200A20EA6 /* Supporting Files */ = {
			isa = PBXGroup;
			children = (
				FEA75CBF1A45BCC200A20EA6 /* Info.plist */,
			);
			name = "Supporting Files";
			sourceTree = "<group>";
		};
/* End PBXGroup section */

/* Begin PBXNativeTarget section */
		FE7194421A38C0E900BDF4E8 /* Windsor Trains */ = {
			isa = PBXNativeTarget;
			buildConfigurationList = FE7194621A38C0E900BDF4E8 /* Build configuration list for PBXNativeTarget "Windsor Trains" */;
			buildPhases = (
				FE71943F1A38C0E900BDF4E8 /* Sources */,
				FE7194401A38C0E900BDF4E8 /* Frameworks */,
				FE7194411A38C0E900BDF4E8 /* Resources */,
				FEE524191BC139ED00F7CBEC /* Embed Watch Content */,
			);
			buildRules = (
			);
			dependencies = (
				FEE524161BC139EC00F7CBEC /* PBXTargetDependency */,
			);
			name = "Windsor Trains";
			productName = "Windsor Trains";
			productReference = FE7194431A38C0E900BDF4E8 /* Windsor Trains.app */;
			productType = "com.apple.product-type.application";
		};
		FE7194571A38C0E900BDF4E8 /* Windsor TrainsTests */ = {
			isa = PBXNativeTarget;
			buildConfigurationList = FE7194651A38C0E900BDF4E8 /* Build configuration list for PBXNativeTarget "Windsor TrainsTests" */;
			buildPhases = (
				FE7194541A38C0E900BDF4E8 /* Sources */,
				FE7194551A38C0E900BDF4E8 /* Frameworks */,
				FE7194561A38C0E900BDF4E8 /* Resources */,
			);
			buildRules = (
			);
			dependencies = (
				FE71945A1A38C0E900BDF4E8 /* PBXTargetDependency */,
			);
			name = "Windsor TrainsTests";
			productName = "Windsor TrainsTests";
			productReference = FE7194581A38C0E900BDF4E8 /* Windsor TrainsTests.xctest */;
			productType = "com.apple.product-type.bundle.unit-test";
		};
		FE71946B1A38C10100BDF4E8 /* Windsor Trains WatchKit Extension */ = {
			isa = PBXNativeTarget;
			buildConfigurationList = FE71948D1A38C10100BDF4E8 /* Build configuration list for PBXNativeTarget "Windsor Trains WatchKit Extension" */;
			buildPhases = (
				FE7194681A38C10100BDF4E8 /* Sources */,
				FE7194691A38C10100BDF4E8 /* Frameworks */,
				FE71946A1A38C10100BDF4E8 /* Resources */,
			);
			buildRules = (
			);
			dependencies = (
			);
			name = "Windsor Trains WatchKit Extension";
			productName = "Windsor Trains WatchKit Extension";
			productReference = FE71946C1A38C10100BDF4E8 /* Windsor Trains WatchKit Extension.appex */;
			productType = "com.apple.product-type.watchkit2-extension";
		};
		FE71947B1A38C10100BDF4E8 /* Windsor Trains Watch App */ = {
			isa = PBXNativeTarget;
			buildConfigurationList = FE71948A1A38C10100BDF4E8 /* Build configuration list for PBXNativeTarget "Windsor Trains Watch App" */;
			buildPhases = (
				FE71947A1A38C10100BDF4E8 /* Resources */,
				FEE524181BC139ED00F7CBEC /* Embed App Extensions */,
			);
			buildRules = (
			);
			dependencies = (
				FEE524131BC139EC00F7CBEC /* PBXTargetDependency */,
			);
			name = "Windsor Trains Watch App";
			productName = "Windsor Trains Watch App";
			productReference = FE71947C1A38C10100BDF4E8 /* Windsor Trains Watch App.app */;
			productType = "com.apple.product-type.application.watchapp2";
		};
		FEA75CA51A45BCC200A20EA6 /* Windsor Trains iOS */ = {
			isa = PBXNativeTarget;
			buildConfigurationList = FEA75CC61A45BCC200A20EA6 /* Build configuration list for PBXNativeTarget "Windsor Trains iOS" */;
			buildPhases = (
				FEA75CA21A45BCC200A20EA6 /* Sources */,
				FEA75CA31A45BCC200A20EA6 /* Frameworks */,
				FEA75CA41A45BCC200A20EA6 /* Resources */,
			);
			buildRules = (
			);
			dependencies = (
			);
			name = "Windsor Trains iOS";
			productName = "Windsor Trains iOS";
			productReference = FEA75CA61A45BCC200A20EA6 /* Windsor Trains iOS.app */;
			productType = "com.apple.product-type.application";
		};
		FEA75CB91A45BCC200A20EA6 /* Windsor Trains iOSTests */ = {
			isa = PBXNativeTarget;
			buildConfigurationList = FEA75CC71A45BCC200A20EA6 /* Build configuration list for PBXNativeTarget "Windsor Trains iOSTests" */;
			buildPhases = (
				FEA75CB61A45BCC200A20EA6 /* Sources */,
				FEA75CB71A45BCC200A20EA6 /* Frameworks */,
				FEA75CB81A45BCC200A20EA6 /* Resources */,
			);
			buildRules = (
			);
			dependencies = (
				FEA75CBC1A45BCC200A20EA6 /* PBXTargetDependency */,
			);
			name = "Windsor Trains iOSTests";
			productName = "Windsor Trains iOSTests";
			productReference = FEA75CBA1A45BCC200A20EA6 /* Windsor Trains iOSTests.xctest */;
			productType = "com.apple.product-type.bundle.unit-test";
		};
/* End PBXNativeTarget section */

/* Begin PBXProject section */
		FE71943B1A38C0E900BDF4E8 /* Project object */ = {
			isa = PBXProject;
			attributes = {
				LastSwiftMigration = 0700;
				LastSwiftUpdateCheck = 0700;
				LastUpgradeCheck = 0700;
				ORGANIZATIONNAME = "Joss Manger";
				TargetAttributes = {
					FE7194421A38C0E900BDF4E8 = {
						CreatedOnToolsVersion = 6.2;
						DevelopmentTeam = 3C42F7N9CQ;
						SystemCapabilities = {
							com.apple.ApplicationGroups.iOS = {
								enabled = 1;
							};
						};
					};
					FE7194571A38C0E900BDF4E8 = {
						CreatedOnToolsVersion = 6.2;
						TestTargetID = FE7194421A38C0E900BDF4E8;
					};
					FE71946B1A38C10100BDF4E8 = {
						CreatedOnToolsVersion = 6.2;
						DevelopmentTeam = 3C42F7N9CQ;
						SystemCapabilities = {
							com.apple.ApplicationGroups.iOS = {
								enabled = 1;
							};
						};
					};
					FE71947B1A38C10100BDF4E8 = {
						CreatedOnToolsVersion = 6.2;
						DevelopmentTeam = 3C42F7N9CQ;
					};
					FEA75CA51A45BCC200A20EA6 = {
						CreatedOnToolsVersion = 6.2;
					};
					FEA75CB91A45BCC200A20EA6 = {
						CreatedOnToolsVersion = 6.2;
						TestTargetID = FEA75CA51A45BCC200A20EA6;
					};
				};
			};
			buildConfigurationList = FE71943E1A38C0E900BDF4E8 /* Build configuration list for PBXProject "Windsor Trains" */;
			compatibilityVersion = "Xcode 3.2";
			developmentRegion = English;
			hasScannedForEncodings = 0;
			knownRegions = (
				en,
				Base,
			);
			mainGroup = FE71943A1A38C0E900BDF4E8;
			productRefGroup = FE7194441A38C0E900BDF4E8 /* Products */;
			projectDirPath = "";
			projectRoot = "";
			targets = (
				FE7194421A38C0E900BDF4E8 /* Windsor Trains */,
				FE7194571A38C0E900BDF4E8 /* Windsor TrainsTests */,
				FE71946B1A38C10100BDF4E8 /* Windsor Trains WatchKit Extension */,
				FE71947B1A38C10100BDF4E8 /* Windsor Trains Watch App */,
				FEA75CA51A45BCC200A20EA6 /* Windsor Trains iOS */,
				FEA75CB91A45BCC200A20EA6 /* Windsor Trains iOSTests */,
			);
		};
/* End PBXProject section */

/* Begin PBXResourcesBuildPhase section */
		FE7194411A38C0E900BDF4E8 /* Resources */ = {
			isa = PBXResourcesBuildPhase;
			buildActionMask = 2147483647;
			files = (
				FE71944E1A38C0E900BDF4E8 /* Main.storyboard in Resources */,
				FE7194531A38C0E900BDF4E8 /* LaunchScreen.xib in Resources */,
				FE7194501A38C0E900BDF4E8 /* Images.xcassets in Resources */,
				FED1F1251A38FD0900FD3E0C /* request.xml in Resources */,
			);
			runOnlyForDeploymentPostprocessing = 0;
		};
		FE7194561A38C0E900BDF4E8 /* Resources */ = {
			isa = PBXResourcesBuildPhase;
			buildActionMask = 2147483647;
			files = (
			);
			runOnlyForDeploymentPostprocessing = 0;
		};
		FE71946A1A38C10100BDF4E8 /* Resources */ = {
			isa = PBXResourcesBuildPhase;
			buildActionMask = 2147483647;
			files = (
				FED1F1261A38FD0900FD3E0C /* request.xml in Resources */,
				FE7194791A38C10100BDF4E8 /* Images.xcassets in Resources */,
			);
			runOnlyForDeploymentPostprocessing = 0;
		};
		FE71947A1A38C10100BDF4E8 /* Resources */ = {
			isa = PBXResourcesBuildPhase;
			buildActionMask = 2147483647;
			files = (
				FE7194841A38C10100BDF4E8 /* Interface.storyboard in Resources */,
				FED1F1271A38FD0900FD3E0C /* request.xml in Resources */,
				FE7194861A38C10100BDF4E8 /* Images.xcassets in Resources */,
			);
			runOnlyForDeploymentPostprocessing = 0;
		};
		FEA75CA41A45BCC200A20EA6 /* Resources */ = {
			isa = PBXResourcesBuildPhase;
			buildActionMask = 2147483647;
			files = (
				FEA75CCD1A45BCFF00A20EA6 /* Main.storyboard in Resources */,
				FEA75CB51A45BCC200A20EA6 /* LaunchScreen.xib in Resources */,
				FEA75CB21A45BCC200A20EA6 /* Images.xcassets in Resources */,
				FEA75CC81A45BCE100A20EA6 /* request.xml in Resources */,
			);
			runOnlyForDeploymentPostprocessing = 0;
		};
		FEA75CB81A45BCC200A20EA6 /* Resources */ = {
			isa = PBXResourcesBuildPhase;
			buildActionMask = 2147483647;
			files = (
			);
			runOnlyForDeploymentPostprocessing = 0;
		};
/* End PBXResourcesBuildPhase section */

/* Begin PBXSourcesBuildPhase section */
		FE71943F1A38C0E900BDF4E8 /* Sources */ = {
			isa = PBXSourcesBuildPhase;
			buildActionMask = 2147483647;
			files = (
				FE71944B1A38C0E900BDF4E8 /* ViewController.swift in Sources */,
				FE2E43321A3DB2CF0081CA4D /* key.swift in Sources */,
				FE7194491A38C0E900BDF4E8 /* AppDelegate.swift in Sources */,
				FE5BE6C61A3A2A3E0081C767 /* request.swift in Sources */,
			);
			runOnlyForDeploymentPostprocessing = 0;
		};
		FE7194541A38C0E900BDF4E8 /* Sources */ = {
			isa = PBXSourcesBuildPhase;
			buildActionMask = 2147483647;
			files = (
				FE71945F1A38C0E900BDF4E8 /* Windsor_TrainsTests.swift in Sources */,
			);
			runOnlyForDeploymentPostprocessing = 0;
		};
		FE7194681A38C10100BDF4E8 /* Sources */ = {
			isa = PBXSourcesBuildPhase;
			buildActionMask = 2147483647;
			files = (
				FE7194771A38C10100BDF4E8 /* NotificationController.swift in Sources */,
				FE2E43331A3DB2CF0081CA4D /* key.swift in Sources */,
				FE7194751A38C10100BDF4E8 /* InterfaceController.swift in Sources */,
				FE5BE6C71A3A2A420081C767 /* request.swift in Sources */,
			);
			runOnlyForDeploymentPostprocessing = 0;
		};
		FEA75CA21A45BCC200A20EA6 /* Sources */ = {
			isa = PBXSourcesBuildPhase;
			buildActionMask = 2147483647;
			files = (
				FEA75CCC1A45BCF000A20EA6 /* ViewController.swift in Sources */,
				FEA75CCA1A45BCEA00A20EA6 /* request.swift in Sources */,
				FEA75CC91A45BCE400A20EA6 /* key.swift in Sources */,
				FEA75CCB1A45BCEE00A20EA6 /* AppDelegate.swift in Sources */,
			);
			runOnlyForDeploymentPostprocessing = 0;
		};
		FEA75CB61A45BCC200A20EA6 /* Sources */ = {
			isa = PBXSourcesBuildPhase;
			buildActionMask = 2147483647;
			files = (
				FEA75CC11A45BCC200A20EA6 /* Windsor_Trains_iOSTests.swift in Sources */,
			);
			runOnlyForDeploymentPostprocessing = 0;
		};
/* End PBXSourcesBuildPhase section */

/* Begin PBXTargetDependency section */
		FE71945A1A38C0E900BDF4E8 /* PBXTargetDependency */ = {
			isa = PBXTargetDependency;
			target = FE7194421A38C0E900BDF4E8 /* Windsor Trains */;
			targetProxy = FE7194591A38C0E900BDF4E8 /* PBXContainerItemProxy */;
		};
		FEA75CBC1A45BCC200A20EA6 /* PBXTargetDependency */ = {
			isa = PBXTargetDependency;
			target = FEA75CA51A45BCC200A20EA6 /* Windsor Trains iOS */;
			targetProxy = FEA75CBB1A45BCC200A20EA6 /* PBXContainerItemProxy */;
		};
		FEE524131BC139EC00F7CBEC /* PBXTargetDependency */ = {
			isa = PBXTargetDependency;
			target = FE71946B1A38C10100BDF4E8 /* Windsor Trains WatchKit Extension */;
			targetProxy = FEE524121BC139EC00F7CBEC /* PBXContainerItemProxy */;
		};
		FEE524161BC139EC00F7CBEC /* PBXTargetDependency */ = {
			isa = PBXTargetDependency;
			target = FE71947B1A38C10100BDF4E8 /* Windsor Trains Watch App */;
			targetProxy = FEE524151BC139EC00F7CBEC /* PBXContainerItemProxy */;
		};
/* End PBXTargetDependency section */

/* Begin PBXVariantGroup section */
		FE71944C1A38C0E900BDF4E8 /* Main.storyboard */ = {
			isa = PBXVariantGroup;
			children = (
				FE71944D1A38C0E900BDF4E8 /* Base */,
			);
			name = Main.storyboard;
			sourceTree = "<group>";
		};
		FE7194511A38C0E900BDF4E8 /* LaunchScreen.xib */ = {
			isa = PBXVariantGroup;
			children = (
				FE7194521A38C0E900BDF4E8 /* Base */,
			);
			name = LaunchScreen.xib;
			sourceTree = "<group>";
		};
		FEA75CB31A45BCC200A20EA6 /* LaunchScreen.xib */ = {
			isa = PBXVariantGroup;
			children = (
				FEA75CB41A45BCC200A20EA6 /* Base */,
			);
			name = LaunchScreen.xib;
			sourceTree = "<group>";
		};
/* End PBXVariantGroup section */

/* Begin XCBuildConfiguration section */
		FE7194601A38C0E900BDF4E8 /* Debug */ = {
			isa = XCBuildConfiguration;
			buildSettings = {
				ALWAYS_SEARCH_USER_PATHS = NO;
				CLANG_CXX_LANGUAGE_STANDARD = "gnu++0x";
				CLANG_CXX_LIBRARY = "libc++";
				CLANG_ENABLE_MODULES = YES;
				CLANG_ENABLE_OBJC_ARC = YES;
				CLANG_WARN_BOOL_CONVERSION = YES;
				CLANG_WARN_CONSTANT_CONVERSION = YES;
				CLANG_WARN_DIRECT_OBJC_ISA_USAGE = YES_ERROR;
				CLANG_WARN_EMPTY_BODY = YES;
				CLANG_WARN_ENUM_CONVERSION = YES;
				CLANG_WARN_INT_CONVERSION = YES;
				CLANG_WARN_OBJC_ROOT_CLASS = YES_ERROR;
				CLANG_WARN_UNREACHABLE_CODE = YES;
				CLANG_WARN__DUPLICATE_METHOD_MATCH = YES;
				CODE_SIGN_IDENTITY = "iPhone Developer: joss Manger (5T3V32KA23)";
				"CODE_SIGN_IDENTITY[sdk=iphoneos*]" = "iPhone Developer";
				COPY_PHASE_STRIP = NO;
				ENABLE_STRICT_OBJC_MSGSEND = YES;
				ENABLE_TESTABILITY = YES;
				GCC_C_LANGUAGE_STANDARD = gnu99;
				GCC_DYNAMIC_NO_PIC = NO;
				GCC_OPTIMIZATION_LEVEL = 0;
				GCC_PREPROCESSOR_DEFINITIONS = (
					"DEBUG=1",
					"$(inherited)",
				);
				GCC_SYMBOLS_PRIVATE_EXTERN = NO;
				GCC_WARN_64_TO_32_BIT_CONVERSION = YES;
				GCC_WARN_ABOUT_RETURN_TYPE = YES_ERROR;
				GCC_WARN_UNDECLARED_SELECTOR = YES;
				GCC_WARN_UNINITIALIZED_AUTOS = YES_AGGRESSIVE;
				GCC_WARN_UNUSED_FUNCTION = YES;
				GCC_WARN_UNUSED_VARIABLE = YES;
				IPHONEOS_DEPLOYMENT_TARGET = 9.0;
				MTL_ENABLE_DEBUG_INFO = YES;
				ONLY_ACTIVE_ARCH = YES;
				SDKROOT = iphoneos;
				SWIFT_OPTIMIZATION_LEVEL = "-Onone";
			};
			name = Debug;
		};
		FE7194611A38C0E900BDF4E8 /* Release */ = {
			isa = XCBuildConfiguration;
			buildSettings = {
				ALWAYS_SEARCH_USER_PATHS = NO;
				CLANG_CXX_LANGUAGE_STANDARD = "gnu++0x";
				CLANG_CXX_LIBRARY = "libc++";
				CLANG_ENABLE_MODULES = YES;
				CLANG_ENABLE_OBJC_ARC = YES;
				CLANG_WARN_BOOL_CONVERSION = YES;
				CLANG_WARN_CONSTANT_CONVERSION = YES;
				CLANG_WARN_DIRECT_OBJC_ISA_USAGE = YES_ERROR;
				CLANG_WARN_EMPTY_BODY = YES;
				CLANG_WARN_ENUM_CONVERSION = YES;
				CLANG_WARN_INT_CONVERSION = YES;
				CLANG_WARN_OBJC_ROOT_CLASS = YES_ERROR;
				CLANG_WARN_UNREACHABLE_CODE = YES;
				CLANG_WARN__DUPLICATE_METHOD_MATCH = YES;
				CODE_SIGN_IDENTITY = "iPhone Developer: joss Manger (5T3V32KA23)";
				"CODE_SIGN_IDENTITY[sdk=iphoneos*]" = "iPhone Developer";
				COPY_PHASE_STRIP = YES;
				ENABLE_NS_ASSERTIONS = NO;
				ENABLE_STRICT_OBJC_MSGSEND = YES;
				GCC_C_LANGUAGE_STANDARD = gnu99;
				GCC_WARN_64_TO_32_BIT_CONVERSION = YES;
				GCC_WARN_ABOUT_RETURN_TYPE = YES_ERROR;
				GCC_WARN_UNDECLARED_SELECTOR = YES;
				GCC_WARN_UNINITIALIZED_AUTOS = YES_AGGRESSIVE;
				GCC_WARN_UNUSED_FUNCTION = YES;
				GCC_WARN_UNUSED_VARIABLE = YES;
				IPHONEOS_DEPLOYMENT_TARGET = 9.0;
				MTL_ENABLE_DEBUG_INFO = NO;
				SDKROOT = iphoneos;
				VALIDATE_PRODUCT = YES;
			};
			name = Release;
		};
		FE7194631A38C0E900BDF4E8 /* Debug */ = {
			isa = XCBuildConfiguration;
			buildSettings = {
				ASSETCATALOG_COMPILER_APPICON_NAME = AppIcon;
				CODE_SIGN_ENTITLEMENTS = "Windsor Trains/Windsor Trains.entitlements";
				CODE_SIGN_IDENTITY = "iPhone Developer";
				"CODE_SIGN_IDENTITY[sdk=iphoneos*]" = "iPhone Developer";
				INFOPLIST_FILE = "Windsor Trains/Info.plist";
				LD_RUNPATH_SEARCH_PATHS = "$(inherited) @executable_path/Frameworks";
				PRODUCT_BUNDLE_IDENTIFIER = "com.jossytech.$(PRODUCT_NAME:rfc1034identifier)";
				PRODUCT_NAME = "$(TARGET_NAME)";
				PROVISIONING_PROFILE = "";
			};
			name = Debug;
		};
		FE7194641A38C0E900BDF4E8 /* Release */ = {
			isa = XCBuildConfiguration;
			buildSettings = {
				ASSETCATALOG_COMPILER_APPICON_NAME = AppIcon;
				CODE_SIGN_ENTITLEMENTS = "Windsor Trains/Windsor Trains.entitlements";
				CODE_SIGN_IDENTITY = "iPhone Developer";
				"CODE_SIGN_IDENTITY[sdk=iphoneos*]" = "iPhone Developer";
				INFOPLIST_FILE = "Windsor Trains/Info.plist";
				LD_RUNPATH_SEARCH_PATHS = "$(inherited) @executable_path/Frameworks";
				PRODUCT_BUNDLE_IDENTIFIER = "com.jossytech.$(PRODUCT_NAME:rfc1034identifier)";
				PRODUCT_NAME = "$(TARGET_NAME)";
				PROVISIONING_PROFILE = "";
			};
			name = Release;
		};
		FE7194661A38C0E900BDF4E8 /* Debug */ = {
			isa = XCBuildConfiguration;
			buildSettings = {
				BUNDLE_LOADER = "$(TEST_HOST)";
				FRAMEWORK_SEARCH_PATHS = (
					"$(SDKROOT)/Developer/Library/Frameworks",
					"$(inherited)",
				);
				GCC_PREPROCESSOR_DEFINITIONS = (
					"DEBUG=1",
					"$(inherited)",
				);
				INFOPLIST_FILE = "Windsor TrainsTests/Info.plist";
				LD_RUNPATH_SEARCH_PATHS = "$(inherited) @executable_path/Frameworks @loader_path/Frameworks";
				PRODUCT_BUNDLE_IDENTIFIER = "com.jossytech.$(PRODUCT_NAME:rfc1034identifier)";
				PRODUCT_NAME = "$(TARGET_NAME)";
				TEST_HOST = "$(BUILT_PRODUCTS_DIR)/Windsor Trains.app/Windsor Trains";
			};
			name = Debug;
		};
		FE7194671A38C0E900BDF4E8 /* Release */ = {
			isa = XCBuildConfiguration;
			buildSettings = {
				BUNDLE_LOADER = "$(TEST_HOST)";
				FRAMEWORK_SEARCH_PATHS = (
					"$(SDKROOT)/Developer/Library/Frameworks",
					"$(inherited)",
				);
				INFOPLIST_FILE = "Windsor TrainsTests/Info.plist";
				LD_RUNPATH_SEARCH_PATHS = "$(inherited) @executable_path/Frameworks @loader_path/Frameworks";
				PRODUCT_BUNDLE_IDENTIFIER = "com.jossytech.$(PRODUCT_NAME:rfc1034identifier)";
				PRODUCT_NAME = "$(TARGET_NAME)";
				TEST_HOST = "$(BUILT_PRODUCTS_DIR)/Windsor Trains.app/Windsor Trains";
			};
			name = Release;
		};
		FE71948B1A38C10100BDF4E8 /* Debug */ = {
			isa = XCBuildConfiguration;
			buildSettings = {
				ASSETCATALOG_COMPILER_APPICON_NAME = AppIcon;
				ASSETCATALOG_COMPILER_LAUNCHIMAGE_NAME = LaunchImage;
				CODE_SIGN_IDENTITY = "iPhone Developer";
				EMBEDDED_CONTENT_CONTAINS_SWIFT = YES;
				GCC_PREPROCESSOR_DEFINITIONS = (
					"DEBUG=1",
					"$(inherited)",
				);
				IBSC_MODULE = Windsor_Trains_WatchKit_Extension;
				INFOPLIST_FILE = "Windsor Trains Watch App/Info.plist";
				PRODUCT_BUNDLE_IDENTIFIER = "com.jossytech.Windsor-Trains.watchapp";
				PRODUCT_NAME = "$(TARGET_NAME)";
				PROVISIONING_PROFILE = "";
				SDKROOT = watchos;
				SKIP_INSTALL = YES;
				TARGETED_DEVICE_FAMILY = 4;
				WATCHOS_DEPLOYMENT_TARGET = 2.0;
			};
			name = Debug;
		};
		FE71948C1A38C10100BDF4E8 /* Release */ = {
			isa = XCBuildConfiguration;
			buildSettings = {
				ASSETCATALOG_COMPILER_APPICON_NAME = AppIcon;
				ASSETCATALOG_COMPILER_LAUNCHIMAGE_NAME = LaunchImage;
				CODE_SIGN_IDENTITY = "iPhone Developer";
				EMBEDDED_CONTENT_CONTAINS_SWIFT = YES;
				IBSC_MODULE = Windsor_Trains_WatchKit_Extension;
				INFOPLIST_FILE = "Windsor Trains Watch App/Info.plist";
				PRODUCT_BUNDLE_IDENTIFIER = "com.jossytech.Windsor-Trains.watchapp";
				PRODUCT_NAME = "$(TARGET_NAME)";
				PROVISIONING_PROFILE = "";
				SDKROOT = watchos;
				SKIP_INSTALL = YES;
				TARGETED_DEVICE_FAMILY = 4;
				WATCHOS_DEPLOYMENT_TARGET = 2.0;
			};
			name = Release;
		};
		FE71948E1A38C10100BDF4E8 /* Debug */ = {
			isa = XCBuildConfiguration;
			buildSettings = {
				CODE_SIGN_ENTITLEMENTS = "Windsor Trains WatchKit Extension/Windsor Trains WatchKit Extension.entitlements";
				CODE_SIGN_IDENTITY = "iPhone Developer";
				"CODE_SIGN_IDENTITY[sdk=iphoneos*]" = "iPhone Developer";
				"CODE_SIGN_IDENTITY[sdk=watchos*]" = "iPhone Developer";
				GCC_PREPROCESSOR_DEFINITIONS = (
					"DEBUG=1",
					"$(inherited)",
				);
				INFOPLIST_FILE = "Windsor Trains WatchKit Extension/Info.plist";
				LD_RUNPATH_SEARCH_PATHS = "$(inherited) @executable_path/Frameworks @executable_path/../../Frameworks";
				PRODUCT_BUNDLE_IDENTIFIER = "com.jossytech.Windsor-Trains.watchapp.watchkitextension";
				PRODUCT_NAME = "${TARGET_NAME}";
				PROVISIONING_PROFILE = "";
				SDKROOT = watchos;
				SKIP_INSTALL = YES;
				TARGETED_DEVICE_FAMILY = 4;
				WATCHOS_DEPLOYMENT_TARGET = 2.0;
			};
			name = Debug;
		};
		FE71948F1A38C10100BDF4E8 /* Release */ = {
			isa = XCBuildConfiguration;
			buildSettings = {
				CODE_SIGN_ENTITLEMENTS = "Windsor Trains WatchKit Extension/Windsor Trains WatchKit Extension.entitlements";
				CODE_SIGN_IDENTITY = "iPhone Developer";
				"CODE_SIGN_IDENTITY[sdk=iphoneos*]" = "iPhone Developer";
				"CODE_SIGN_IDENTITY[sdk=watchos*]" = "iPhone Developer";
				INFOPLIST_FILE = "Windsor Trains WatchKit Extension/Info.plist";
				LD_RUNPATH_SEARCH_PATHS = "$(inherited) @executable_path/Frameworks @executable_path/../../Frameworks";
				PRODUCT_BUNDLE_IDENTIFIER = "com.jossytech.Windsor-Trains.watchapp.watchkitextension";
				PRODUCT_NAME = "${TARGET_NAME}";
				PROVISIONING_PROFILE = "";
				SDKROOT = watchos;
				SKIP_INSTALL = YES;
				TARGETED_DEVICE_FAMILY = 4;
				WATCHOS_DEPLOYMENT_TARGET = 2.0;
			};
			name = Release;
		};
		FEA75CC21A45BCC200A20EA6 /* Debug */ = {
			isa = XCBuildConfiguration;
			buildSettings = {
				ASSETCATALOG_COMPILER_APPICON_NAME = AppIcon;
				GCC_PREPROCESSOR_DEFINITIONS = (
					"DEBUG=1",
					"$(inherited)",
				);
				INFOPLIST_FILE = "Windsor Trains iOS/Info.plist";
				IPHONEOS_DEPLOYMENT_TARGET = 8.0;
				LD_RUNPATH_SEARCH_PATHS = "$(inherited) @executable_path/Frameworks";
				PRODUCT_BUNDLE_IDENTIFIER = "com.jossytech.$(PRODUCT_NAME:rfc1034identifier)";
				PRODUCT_NAME = "$(TARGET_NAME)";
			};
			name = Debug;
		};
		FEA75CC31A45BCC200A20EA6 /* Release */ = {
			isa = XCBuildConfiguration;
			buildSettings = {
				ASSETCATALOG_COMPILER_APPICON_NAME = AppIcon;
				INFOPLIST_FILE = "Windsor Trains iOS/Info.plist";
				IPHONEOS_DEPLOYMENT_TARGET = 8.0;
				LD_RUNPATH_SEARCH_PATHS = "$(inherited) @executable_path/Frameworks";
				PRODUCT_BUNDLE_IDENTIFIER = "com.jossytech.$(PRODUCT_NAME:rfc1034identifier)";
				PRODUCT_NAME = "$(TARGET_NAME)";
			};
			name = Release;
		};
		FEA75CC41A45BCC200A20EA6 /* Debug */ = {
			isa = XCBuildConfiguration;
			buildSettings = {
				BUNDLE_LOADER = "$(TEST_HOST)";
				FRAMEWORK_SEARCH_PATHS = (
					"$(SDKROOT)/Developer/Library/Frameworks",
					"$(inherited)",
				);
				GCC_PREPROCESSOR_DEFINITIONS = (
					"DEBUG=1",
					"$(inherited)",
				);
				INFOPLIST_FILE = "Windsor Trains iOSTests/Info.plist";
				LD_RUNPATH_SEARCH_PATHS = "$(inherited) @executable_path/Frameworks @loader_path/Frameworks";
				PRODUCT_BUNDLE_IDENTIFIER = "com.jossytech.$(PRODUCT_NAME:rfc1034identifier)";
				PRODUCT_NAME = "$(TARGET_NAME)";
				TEST_HOST = "$(BUILT_PRODUCTS_DIR)/Windsor Trains iOS.app/Windsor Trains iOS";
			};
			name = Debug;
		};
		FEA75CC51A45BCC200A20EA6 /* Release */ = {
			isa = XCBuildConfiguration;
			buildSettings = {
				BUNDLE_LOADER = "$(TEST_HOST)";
				FRAMEWORK_SEARCH_PATHS = (
					"$(SDKROOT)/Developer/Library/Frameworks",
					"$(inherited)",
				);
				INFOPLIST_FILE = "Windsor Trains iOSTests/Info.plist";
				LD_RUNPATH_SEARCH_PATHS = "$(inherited) @executable_path/Frameworks @loader_path/Frameworks";
				PRODUCT_BUNDLE_IDENTIFIER = "com.jossytech.$(PRODUCT_NAME:rfc1034identifier)";
				PRODUCT_NAME = "$(TARGET_NAME)";
				TEST_HOST = "$(BUILT_PRODUCTS_DIR)/Windsor Trains iOS.app/Windsor Trains iOS";
			};
			name = Release;
		};
/* End XCBuildConfiguration section */

/* Begin XCConfigurationList section */
		FE71943E1A38C0E900BDF4E8 /* Build configuration list for PBXProject "Windsor Trains" */ = {
			isa = XCConfigurationList;
			buildConfigurations = (
				FE7194601A38C0E900BDF4E8 /* Debug */,
				FE7194611A38C0E900BDF4E8 /* Release */,
			);
			defaultConfigurationIsVisible = 0;
			defaultConfigurationName = Release;
		};
		FE7194621A38C0E900BDF4E8 /* Build configuration list for PBXNativeTarget "Windsor Trains" */ = {
			isa = XCConfigurationList;
			buildConfigurations = (
				FE7194631A38C0E900BDF4E8 /* Debug */,
				FE7194641A38C0E900BDF4E8 /* Release */,
			);
			defaultConfigurationIsVisible = 0;
			defaultConfigurationName = Release;
		};
		FE7194651A38C0E900BDF4E8 /* Build configuration list for PBXNativeTarget "Windsor TrainsTests" */ = {
			isa = XCConfigurationList;
			buildConfigurations = (
				FE7194661A38C0E900BDF4E8 /* Debug */,
				FE7194671A38C0E900BDF4E8 /* Release */,
			);
			defaultConfigurationIsVisible = 0;
			defaultConfigurationName = Release;
		};
		FE71948A1A38C10100BDF4E8 /* Build configuration list for PBXNativeTarget "Windsor Trains Watch App" */ = {
			isa = XCConfigurationList;
			buildConfigurations = (
				FE71948B1A38C10100BDF4E8 /* Debug */,
				FE71948C1A38C10100BDF4E8 /* Release */,
			);
			defaultConfigurationIsVisible = 0;
			defaultConfigurationName = Release;
		};
		FE71948D1A38C10100BDF4E8 /* Build configuration list for PBXNativeTarget "Windsor Trains WatchKit Extension" */ = {
			isa = XCConfigurationList;
			buildConfigurations = (
				FE71948E1A38C10100BDF4E8 /* Debug */,
				FE71948F1A38C10100BDF4E8 /* Release */,
			);
			defaultConfigurationIsVisible = 0;
			defaultConfigurationName = Release;
		};
		FEA75CC61A45BCC200A20EA6 /* Build configuration list for PBXNativeTarget "Windsor Trains iOS" */ = {
			isa = XCConfigurationList;
			buildConfigurations = (
				FEA75CC21A45BCC200A20EA6 /* Debug */,
				FEA75CC31A45BCC200A20EA6 /* Release */,
			);
			defaultConfigurationIsVisible = 0;
			defaultConfigurationName = Release;
		};
		FEA75CC71A45BCC200A20EA6 /* Build configuration list for PBXNativeTarget "Windsor Trains iOSTests" */ = {
			isa = XCConfigurationList;
			buildConfigurations = (
				FEA75CC41A45BCC200A20EA6 /* Debug */,
				FEA75CC51A45BCC200A20EA6 /* Release */,
			);
			defaultConfigurationIsVisible = 0;
			defaultConfigurationName = Release;
		};
/* End XCConfigurationList section */
	};
	rootObject = FE71943B1A38C0E900BDF4E8 /* Project object */;
}
